version = 1
revision = 1
requires-python = ">=3.8"

[[package]]
name = "pygame"
version = "2.6.1"
source = { registry = "https://pypi.org/simple" }
sdist = { url = "https://files.pythonhosted.org/packages/49/cc/08bba60f00541f62aaa252ce0cfbd60aebd04616c0b9574f755b583e45ae/pygame-2.6.1.tar.gz", hash = "sha256:56fb02ead529cee00d415c3e007f75e0780c655909aaa8e8bf616ee09c9feb1f", size = 14808125 }
wheels = [
    { url = "https://files.pythonhosted.org/packages/54/0b/334c7c50a2979e15f2a027a41d1ca78ee730d5b1c7f7f4b26d7cb899839d/pygame-2.6.1-cp310-cp310-macosx_10_9_x86_64.whl", hash = "sha256:9beeb647e555afb5657111fa83acb74b99ad88761108eaea66472e8b8547b55b", size = 13109297 },
    { url = "https://files.pythonhosted.org/packages/dc/48/f8b1069788d1bd42e63a960d74d3355242480b750173a42b2749687578ca/pygame-2.6.1-cp310-cp310-macosx_11_0_arm64.whl", hash = "sha256:10e3d2a55f001f6c0a6eb44aa79ea7607091c9352b946692acedb2ac1482f1c9", size = 12375837 },
    { url = "https://files.pythonhosted.org/packages/bc/33/a1310386b8913ce1bdb90c33fa536970e299ad57eb35785f1d71ea1e2ad3/pygame-2.6.1-cp310-cp310-manylinux_2_17_aarch64.manylinux2014_aarch64.whl", hash = "sha256:816e85000c5d8b02a42b9834f761a5925ef3377d2924e3a7c4c143d2990ce5b8", size = 13607860 },
    { url = "https://files.pythonhosted.org/packages/88/0f/4e37b115056e43714e7550054dd3cd7f4d552da54d7fc58a2fb1407acda5/pygame-2.6.1-cp310-cp310-manylinux_2_17_i686.manylinux2014_i686.whl", hash = "sha256:8a78fd030d98faab4a8e27878536fdff7518d3e062a72761c552f624ebba5a5f", size = 14304696 },
    { url = "https://files.pythonhosted.org/packages/11/b3/de6ed93ae483cf3bac8f950a955e83f7ffe59651fd804d100fff65d66d6c/pygame-2.6.1-cp310-cp310-manylinux_2_17_x86_64.manylinux2014_x86_64.whl", hash = "sha256:da3ad64d685f84a34ebe5daacb39fff14f1251acb34c098d760d63fee768f50c", size = 13977684 },
    { url = "https://files.pythonhosted.org/packages/d3/05/d86440aa879708c41844bafc6b3eb42c6d8cf54082482499b53139133e2a/pygame-2.6.1-cp310-cp310-win32.whl", hash = "sha256:9dd5c054d4bd875a8caf978b82672f02bec332f52a833a76899220c460bb4b58", size = 10251775 },
    { url = "https://files.pythonhosted.org/packages/38/88/8de61324775cf2c844a51d8db14a8a6d2a9092312f27678f6eaa3a460376/pygame-2.6.1-cp310-cp310-win_amd64.whl", hash = "sha256:00827aba089355925902d533f9c41e79a799641f03746c50a374dc5c3362e43d", size = 10618801 },
    { url = "https://files.pythonhosted.org/packages/c4/ca/8f367cb9fe734c4f6f6400e045593beea2635cd736158f9fabf58ee14e3c/pygame-2.6.1-cp311-cp311-macosx_10_9_x86_64.whl", hash = "sha256:20349195326a5e82a16e351ed93465a7845a7e2a9af55b7bc1b2110ea3e344e1", size = 13113753 },
    { url = "https://files.pythonhosted.org/packages/83/47/6edf2f890139616b3219be9cfcc8f0cb8f42eb15efd59597927e390538cb/pygame-2.6.1-cp311-cp311-macosx_11_0_arm64.whl", hash = "sha256:f3935459109da4bb0b3901da9904f0a3e52028a3332a355d298b1673a334cf21", size = 12378146 },
    { url = "https://files.pythonhosted.org/packages/00/9e/0d8aa8cf93db2d2ee38ebaf1c7b61d0df36ded27eb726221719c150c673d/pygame-2.6.1-cp311-cp311-manylinux_2_17_aarch64.manylinux2014_aarch64.whl", hash = "sha256:c31dbdb5d0217f32764797d21c2752e258e5fb7e895326538d82b5f75a0cd856", size = 13611760 },
    { url = "https://files.pythonhosted.org/packages/d7/9e/d06adaa5cc65876bcd7a24f59f67e07f7e4194e6298130024ed3fb22c456/pygame-2.6.1-cp311-cp311-manylinux_2_17_i686.manylinux2014_i686.whl", hash = "sha256:173badf82fa198e6888017bea40f511cb28e69ecdd5a72b214e81e4dcd66c3b1", size = 14298054 },
    { url = "https://files.pythonhosted.org/packages/7a/a1/9ae2852ebd3a7cc7d9ae7ff7919ab983e4a5c1b7a14e840732f23b2b48f6/pygame-2.6.1-cp311-cp311-manylinux_2_17_x86_64.manylinux2014_x86_64.whl", hash = "sha256:ce8cc108b92de9b149b344ad2e25eedbe773af0dc41dfb24d1f07f679b558c60", size = 13977107 },
    { url = "https://files.pythonhosted.org/packages/31/df/6788fd2e9a864d0496a77670e44a7c012184b7a5382866ab0e60c55c0f28/pygame-2.6.1-cp311-cp311-win32.whl", hash = "sha256:811e7b925146d8149d79193652cbb83e0eca0aae66476b1cb310f0f4226b8b5c", size = 10250863 },
    { url = "https://files.pythonhosted.org/packages/d2/55/ca3eb851aeef4f6f2e98a360c201f0d00bd1ba2eb98e2c7850d80aabc526/pygame-2.6.1-cp311-cp311-win_amd64.whl", hash = "sha256:91476902426facd4bb0dad4dc3b2573bc82c95c71b135e0daaea072ed528d299", size = 10622016 },
    { url = "https://files.pythonhosted.org/packages/92/16/2c602c332f45ff9526d61f6bd764db5096ff9035433e2172e2d2cadae8db/pygame-2.6.1-cp312-cp312-macosx_10_9_x86_64.whl", hash = "sha256:4ee7f2771f588c966fa2fa8b829be26698c9b4836f82ede5e4edc1a68594942e", size = 13118279 },
    { url = "https://files.pythonhosted.org/packages/cd/53/77ccbc384b251c6e34bfd2e734c638233922449a7844e3c7a11ef91cee39/pygame-2.6.1-cp312-cp312-macosx_11_0_arm64.whl", hash = "sha256:c8040ea2ab18c6b255af706ec01355c8a6b08dc48d77fd4ee783f8fc46a843bf", size = 12384524 },
    { url = "https://files.pythonhosted.org/packages/06/be/3ed337583f010696c3b3435e89a74fb29d0c74d0931e8f33c0a4246307a9/pygame-2.6.1-cp312-cp312-manylinux_2_17_aarch64.manylinux2014_aarch64.whl", hash = "sha256:c47a6938de93fa610accd4969e638c2aebcb29b2fca518a84c3a39d91ab47116", size = 13587123 },
    { url = "https://files.pythonhosted.org/packages/fd/ca/b015586a450db59313535662991b34d24c1f0c0dc149cc5f496573900f4e/pygame-2.6.1-cp312-cp312-manylinux_2_17_i686.manylinux2014_i686.whl", hash = "sha256:33006f784e1c7d7e466fcb61d5489da59cc5f7eb098712f792a225df1d4e229d", size = 14275532 },
    { url = "https://files.pythonhosted.org/packages/b9/f2/d31e6ad42d657af07be2ffd779190353f759a07b51232b9e1d724f2cda46/pygame-2.6.1-cp312-cp312-manylinux_2_17_x86_64.manylinux2014_x86_64.whl", hash = "sha256:1206125f14cae22c44565c9d333607f1d9f59487b1f1432945dfc809aeaa3e88", size = 13952653 },
    { url = "https://files.pythonhosted.org/packages/f3/42/8ea2a6979e6fa971702fece1747e862e2256d4a8558fe0da6364dd946c53/pygame-2.6.1-cp312-cp312-win32.whl", hash = "sha256:84fc4054e25262140d09d39e094f6880d730199710829902f0d8ceae0213379e", size = 10252421 },
    { url = "https://files.pythonhosted.org/packages/5f/90/7d766d54bb95939725e9a9361f9c06b0cfbe3fe100aa35400f0a461a278a/pygame-2.6.1-cp312-cp312-win_amd64.whl", hash = "sha256:3a9e7396be0d9633831c3f8d5d82dd63ba373ad65599628294b7a4f8a5a01a65", size = 10624591 },
    { url = "https://files.pythonhosted.org/packages/e1/91/718acf3e2a9d08a6ddcc96bd02a6f63c99ee7ba14afeaff2a51c987df0b9/pygame-2.6.1-cp313-cp313-macosx_10_13_x86_64.whl", hash = "sha256:ae6039f3a55d800db80e8010f387557b528d34d534435e0871326804df2a62f2", size = 13090765 },
    { url = "https://files.pythonhosted.org/packages/0e/c6/9cb315de851a7682d9c7568a41ea042ee98d668cb8deadc1dafcab6116f0/pygame-2.6.1-cp313-cp313-macosx_11_0_arm64.whl", hash = "sha256:2a3a1288e2e9b1e5834e425bedd5ba01a3cd4902b5c2bff8ed4a740ccfe98171", size = 12381704 },
    { url = "https://files.pythonhosted.org/packages/9f/8f/617a1196e31ae3b46be6949fbaa95b8c93ce15e0544266198c2266cc1b4d/pygame-2.6.1-cp313-cp313-manylinux_2_17_aarch64.manylinux2014_aarch64.whl", hash = "sha256:27eb17e3dc9640e4b4683074f1890e2e879827447770470c2aba9f125f74510b", size = 13581091 },
    { url = "https://files.pythonhosted.org/packages/3b/87/2851a564e40a2dad353f1c6e143465d445dab18a95281f9ea458b94f3608/pygame-2.6.1-cp313-cp313-manylinux_2_17_i686.manylinux2014_i686.whl", hash = "sha256:4c1623180e70a03c4a734deb9bac50fc9c82942ae84a3a220779062128e75f3b", size = 14273844 },
    { url = "https://files.pythonhosted.org/packages/85/b5/aa23aa2e70bcba42c989c02e7228273c30f3b44b9b264abb93eaeff43ad7/pygame-2.6.1-cp313-cp313-manylinux_2_17_x86_64.manylinux2014_x86_64.whl", hash = "sha256:ef07c0103d79492c21fced9ad68c11c32efa6801ca1920ebfd0f15fb46c78b1c", size = 13951197 },
    { url = "https://files.pythonhosted.org/packages/a6/06/29e939b34d3f1354738c7d201c51c250ad7abefefaf6f8332d962ff67c4b/pygame-2.6.1-cp313-cp313-win32.whl", hash = "sha256:3acd8c009317190c2bfd81db681ecef47d5eb108c2151d09596d9c7ea9df5c0e", size = 10249309 },
    { url = "https://files.pythonhosted.org/packages/7e/11/17f7f319ca91824b86557e9303e3b7a71991ef17fd45286bf47d7f0a38e6/pygame-2.6.1-cp313-cp313-win_amd64.whl", hash = "sha256:813af4fba5d0b2cb8e58f5d95f7910295c34067dcc290d34f1be59c48bd1ea6a", size = 10620084 },
    { url = "https://files.pythonhosted.org/packages/7c/03/8a99bbe20925ea0e1fe77ccb4bbe0168f6f9d0fcf64d8f45f02e9bcfeb7d/pygame-2.6.1-cp38-cp38-macosx_10_9_x86_64.whl", hash = "sha256:97ac4e13847b6b293ecaffa5ffce9886c98d09c03309406931cc592f0cea6366", size = 12964830 },
    { url = "https://files.pythonhosted.org/packages/d2/50/caae48e97e3e9ac8970caf0763c373f4f70b5bc7827ef5f967fdff777da1/pygame-2.6.1-cp38-cp38-macosx_11_0_arm64.whl", hash = "sha256:d1a7f2b66ac2e4c9583b6d4c6d6f346fb10a3392c04163f537061f86a448ed5c", size = 12376818 },
    { url = "https://files.pythonhosted.org/packages/60/15/7cbb41f46678555c7aab6b49eddac38b23e426b1a4244af520b826bbcb57/pygame-2.6.1-cp38-cp38-manylinux_2_17_aarch64.manylinux2014_aarch64.whl", hash = "sha256:ac3f033d2be4a9e23660a96afe2986df3a6916227538a6a0061bc218c5088507", size = 13614577 },
    { url = "https://files.pythonhosted.org/packages/e1/0a/57dcdec74445f3fdf3d7dcc786ff38597592a458e8bbfc540aa8a6cb4ce2/pygame-2.6.1-cp38-cp38-manylinux_2_17_i686.manylinux2014_i686.whl", hash = "sha256:a1bf7ab5311bbced70320f1a56701650b4c18231343ae5af42111eea91e0949a", size = 14308698 },
    { url = "https://files.pythonhosted.org/packages/e8/3b/070a1bbac12a6914ea08a0b8f26bb349638233a56c111b5d4561f716f8f2/pygame-2.6.1-cp38-cp38-manylinux_2_17_x86_64.manylinux2014_x86_64.whl", hash = "sha256:21160d9093533eb831f1b708e630706e5ac16b30750571ec27bc3b8364814f38", size = 13982722 },
    { url = "https://files.pythonhosted.org/packages/af/9e/f4fd29d8a41ef19cbf573a1b0bafc4221aae78f610d307033e1250e1cca3/pygame-2.6.1-cp38-cp38-win32.whl", hash = "sha256:7bffdd3eaf394d9645331d1c3a5df9d782ebcc3c5a78f3b657c7879a828dd111", size = 10255798 },
    { url = "https://files.pythonhosted.org/packages/66/a8/503d52d2a4fe1463207b80661d3fe7793346e515f369abe2c3a6552fec11/pygame-2.6.1-cp38-cp38-win_amd64.whl", hash = "sha256:818b4eaec9c4acb6ac64805d4ca8edd4062bebca77bd815c18739fe2842c97e9", size = 10623008 },
    { url = "https://files.pythonhosted.org/packages/a7/ed/9f49258c5012a4642fe931e3d3fdb87a210a76c4680ce47ec049bb93afae/pygame-2.6.1-cp39-cp39-macosx_10_9_x86_64.whl", hash = "sha256:15efaa11a80a65dd589a95bebe812fa5bfc7e14946b638a424c5bd9ac6cca1a4", size = 12967001 },
    { url = "https://files.pythonhosted.org/packages/53/e1/620110f7aebf9ae28073f9576b9ef1bf90dceabc0a88007d0241d842a501/pygame-2.6.1-cp39-cp39-macosx_11_0_arm64.whl", hash = "sha256:481cfe1bdbb7fe00acc5950c494c26f00240888619bdc396fc8c39a734797432", size = 12378764 },
    { url = "https://files.pythonhosted.org/packages/d3/4d/3621df95571465fa09fc65d48b9c70b32c4271b5c11b60aeabf592d3222e/pygame-2.6.1-cp39-cp39-manylinux_2_17_aarch64.manylinux2014_aarch64.whl", hash = "sha256:5d09fd950725d187aa5207c0cb8eb9ab0d2f8ce9ab8d189c30eeb470e71b617e", size = 13612295 },
    { url = "https://files.pythonhosted.org/packages/b8/7e/8f8357ea9b82bc2229a27f79ccff827a68033a6e5f2221da127422978a28/pygame-2.6.1-cp39-cp39-manylinux_2_17_i686.manylinux2014_i686.whl", hash = "sha256:163e66de169bd5670c86e27d0b74aad0d2d745e3b63cf4e7eb5b2bff1231ca8d", size = 14307883 },
    { url = "https://files.pythonhosted.org/packages/75/9c/5cee30344ea2c5c2292c036719322d28decd2699c813b99cb0e636212f99/pygame-2.6.1-cp39-cp39-manylinux_2_17_x86_64.manylinux2014_x86_64.whl", hash = "sha256:fb6e8d0547f30ddc845f4fd1e33070ef548233ad0dbf21f7ecea768883d1bbdc", size = 13980247 },
    { url = "https://files.pythonhosted.org/packages/62/57/3e97f6c05632ac3424578b4683ef9c36882b8796862517f72236111f76b9/pygame-2.6.1-cp39-cp39-win32.whl", hash = "sha256:d29eb9a93f12aa3d997b6e3c447ac85b2a4b142ab2548441523a8fcf5e216042", size = 10254889 },
    { url = "https://files.pythonhosted.org/packages/77/a9/6e8cfee4005d9ec165afd9146b930bcb5b921ec66395105316d00e7db6f5/pygame-2.6.1-cp39-cp39-win_amd64.whl", hash = "sha256:6582aa71a681e02e55d43150a9ab41394e6bf4d783d2962a10aea58f424be060", size = 10622066 },
    { url = "https://files.pythonhosted.org/packages/06/56/ea9c785258da9f6da939abe8f961c8ce09a8177524a78f94932fbcb2c5d3/pygame-2.6.1-pp38-pypy38_pp73-macosx_10_9_x86_64.whl", hash = "sha256:b7f9f8e6f76de36f4725175d686601214af362a4f30614b4dae2240198e72e6f", size = 12789119 },
    { url = "https://files.pythonhosted.org/packages/9a/2f/8458240c8908a550254c80b64f8c03d6d46156664df3515a1331ae730b4e/pygame-2.6.1-pp39-pypy39_pp73-macosx_10_15_x86_64.whl", hash = "sha256:bbb7167c92103a2091366e9af26d4914ba3776666e8677d3c93551353fffa626", size = 12782440 },
    { url = "https://files.pythonhosted.org/packages/b8/a5/ef76a85da2cb7bc6b9fc54b0a56cf75f244c8adcd16bab8d0d9d7398bfed/pygame-2.6.1-pp39-pypy39_pp73-manylinux_2_17_i686.manylinux2014_i686.whl", hash = "sha256:17498a2b043bc0e795faedef1b081199c688890200aef34991c1941caa2d2c89", size = 14182026 },
    { url = "https://files.pythonhosted.org/packages/8b/11/5519d3dfc8046822289dbd8ffde407e30ddb56b6f4a78ca39121a545a322/pygame-2.6.1-pp39-pypy39_pp73-manylinux_2_17_x86_64.manylinux2014_x86_64.whl", hash = "sha256:7103c60939bbc1e05cfc7ba3f1d2ad3bbf103b7828b82a7166a9ab6f51950146", size = 13869271 },
]

[[package]]
name = "thinking-green"
version = "0.1.0"
source = { virtual = "." }
dependencies = [
    { name = "pygame" },
]

[package.metadata]
requires-dist = [{ name = "pygame", specifier = ">=2.6.1" }]
